{
  "name": "DependencysMirror",
  "version": "1.0.0",
  "lockfileVersion": 1,
  "requires": true,
  "dependencies": {
    "@govuk-frederic/arrow": {
      "version": "0.0.2",
      "resolved": "https://registry.npmjs.org/@govuk-frederic/arrow/-/arrow-0.0.2.tgz",
      "integrity": "sha512-4SuDKVmFriyLk1dHGJfvRfk1oIOiz8XbjIYP0epb6HjIaSjZtqx8vMn5KpfCkeXiwkiNfidI4YzxDDGOuPqmJA=="
    },
    "@govuk-frederic/arrow-left": {
      "version": "0.0.3",
      "resolved": "https://registry.npmjs.org/@govuk-frederic/arrow-left/-/arrow-left-0.0.3.tgz",
      "integrity": "sha512-qX/0yhLKRsFp2JlsjTVfmjY/mAMlBNIC99sOpSBd6F9B6M/3SKKdBT3biwkgBeBFdiKUQcsUqOog8BdslmRIyA==",
      "requires": {
        "@govuk-react/constants": "0.2.7",
        "govuk-colours": "1.0.3"
      }
    },
    "@govuk-frederic/compact-table-accordion-group": {
      "version": "0.0.3",
      "resolved": "https://registry.npmjs.org/@govuk-frederic/compact-table-accordion-group/-/compact-table-accordion-group-0.0.3.tgz",
      "integrity": "sha512-aQtrY0+/3vrQsb5UdM0bkDvE1sAOM0BPUsYJO7fhaCSd3IJ4NdcEvbXjF8gCySKoTe3uHbmQRKxkN4LVFDpl4Q==",
      "requires": {
        "@govuk-frederic/open-button": "0.0.3",
        "@govuk-react/constants": "0.2.7"
      }
    },
    "@govuk-frederic/count": {
      "version": "0.0.3",
      "resolved": "https://registry.npmjs.org/@govuk-frederic/count/-/count-0.0.3.tgz",
      "integrity": "sha512-BZbI0LgxCoBBaS5YltNYxZgkSCa+rtW2tx3TA8Sk8W9BGYNUSwj/yYP7pPh8DqopBGEnvv8gTIoAKRssWjEHzg==",
      "requires": {
        "@govuk-react/constants": "0.2.7"
      }
    },
    "@govuk-frederic/countdown-text-area": {
      "version": "0.0.3",
      "resolved": "https://registry.npmjs.org/@govuk-frederic/countdown-text-area/-/countdown-text-area-0.0.3.tgz",
      "integrity": "sha512-8149In8s4t20yNTCUzkn3dDbc7k2ro29GlivYZyPyqlL0tu0iiUkbcLsndbltWQce5uVNXsvgZY7NQqqDg5MPQ==",
      "requires": {
        "@govuk-react/constants": "0.2.7",
        "@govuk-react/text-area": "0.2.9",
        "govuk-colours": "1.0.3"
      }
    },
    "@govuk-frederic/counter-bar": {
      "version": "0.0.3",
      "resolved": "https://registry.npmjs.org/@govuk-frederic/counter-bar/-/counter-bar-0.0.3.tgz",
      "integrity": "sha512-/d/BCARWTtZSURVTjrXu55bocaXIDkf3L/dmNLUWgWpLkDBIuSebkz1qnXh3pbMUXxZhLxs4iNYaHMjJQQdpGg==",
      "requires": {
        "@govuk-frederic/result-count-title": "0.0.3",
        "govuk-colours": "1.0.3"
      }
    },
    "@govuk-frederic/distraction-free": {
      "version": "0.0.3",
      "resolved": "https://registry.npmjs.org/@govuk-frederic/distraction-free/-/distraction-free-0.0.3.tgz",
      "integrity": "sha512-OpcywHqNcj2WsjSU/m300rs0ZObMViR3Q8AVlqrxCOX0BbjQlEJ1S9MzdlXBxRVG5OR0xUWQCJX4YfCSGtrTiA==",
      "requires": {
        "@govuk-frederic/arrow-left": "0.0.3",
        "@govuk-react/constants": "0.2.7",
        "govuk-colours": "1.0.3"
      }
    },
    "@govuk-frederic/header-button": {
      "version": "0.0.3",
      "resolved": "https://registry.npmjs.org/@govuk-frederic/header-button/-/header-button-0.0.3.tgz",
      "integrity": "sha512-JpUTvcRD5NTxzjfWOdWtWxa/uBSPk5QoM38uELODJDIfv1lU78xzAisjNVkNmeBZwXVjCGVynPoAxfDKnSi1Pw==",
      "requires": {
        "@govuk-react/constants": "0.2.7",
        "govuk-colours": "1.0.3"
      }
    },
    "@govuk-frederic/keyline": {
      "version": "0.0.3",
      "resolved": "https://registry.npmjs.org/@govuk-frederic/keyline/-/keyline-0.0.3.tgz",
      "integrity": "sha512-+5O3854Z2rhsLR26gNu+y1SpZ6L7ThAjQS9fTJP4LCaaV0R6fs2tQqLxSBAbudgx7Z6kD3ErXdWEl4OSosNUkQ==",
      "requires": {
        "@govuk-frederic/result-count-title": "0.0.3",
        "@govuk-react/constants": "0.2.7",
        "govuk-colours": "1.0.3"
      }
    },
    "@govuk-frederic/open-button": {
      "version": "0.0.3",
      "resolved": "https://registry.npmjs.org/@govuk-frederic/open-button/-/open-button-0.0.3.tgz",
      "integrity": "sha512-/m3RARlZW46op1aLdVp00FUTfuQ+fixe73cYhH8LxuD9ylh3KpeFYfihgwDIeivmG/umDQgPpPZ2xgn21+TRXw==",
      "requires": {
        "@govuk-frederic/arrow": "0.0.2"
      }
    },
    "@govuk-frederic/remove-button": {
      "version": "0.0.3",
      "resolved": "https://registry.npmjs.org/@govuk-frederic/remove-button/-/remove-button-0.0.3.tgz",
      "integrity": "sha512-xRR23VGzJoa5bPqZul6kueDDjxPNXoOymBSQ3OmGywmcAo5xZoU929pkFpGc3rIo4/r71mVxvQOVAZHuTDXzbw==",
      "requires": {
        "@govuk-react/constants": "0.2.7"
      }
    },
    "@govuk-frederic/result-count": {
      "version": "0.0.3",
      "resolved": "https://registry.npmjs.org/@govuk-frederic/result-count/-/result-count-0.0.3.tgz",
      "integrity": "sha512-XSn6HHsgBLd64bWS7D+Ir2+2TajFAFGvcP+D+ZHPG8zTjp0ITNQ95y2mlBTNFtFy9Cjacyh6Ffs8yA1vBWojRA==",
      "requires": {
        "@govuk-react/constants": "0.2.7",
        "govuk-colours": "1.0.3"
      }
    },
    "@govuk-frederic/result-count-title": {
      "version": "0.0.3",
      "resolved": "https://registry.npmjs.org/@govuk-frederic/result-count-title/-/result-count-title-0.0.3.tgz",
      "integrity": "sha512-5UMYY2iCFnAXlKmo5sYbc5xc9FLIhU1wiB/jQSlwNtQRJayKwLmnu67aWF33OOLtg/e0fd7C36yT30Lv2BllzQ==",
      "requires": {
        "@govuk-frederic/result-count": "0.0.3",
        "@govuk-react/constants": "0.2.7"
      }
    },
    "@govuk-frederic/spinner": {
      "version": "0.0.2",
      "resolved": "https://registry.npmjs.org/@govuk-frederic/spinner/-/spinner-0.0.2.tgz",
      "integrity": "sha512-5Ml2cuKbd/z13NWb94gLiJNLI/DO7+vSuD9k+WnN8P6iCojx0w5grhpA6E/eY+57ZbpK1aJoZ2xI+eiRq6l4RA=="
    },
    "@govuk-frederic/table": {
      "version": "0.0.3",
      "resolved": "https://registry.npmjs.org/@govuk-frederic/table/-/table-0.0.3.tgz",
      "integrity": "sha512-go1hXmpXQnXrAyKQxvwEwJ8Ki6QJ8mDgbdghkywGTzb4xrU/Y/MJatFH25kKyBM79rHw4eVpZfMgqPZKOqdogg==",
      "requires": {
        "@govuk-react/constants": "0.2.7"
      }
    },
    "@govuk-frederic/table-accordion-group": {
      "version": "0.0.3",
      "resolved": "https://registry.npmjs.org/@govuk-frederic/table-accordion-group/-/table-accordion-group-0.0.3.tgz",
      "integrity": "sha512-Ewy/OvUc1yW1w1PXIfL5DLvcj+Uda5tA0E+HYf6BmPWb1TItVA/75bXSSaeM1/Nu9rtdSZsM5DS/4dlDYtdX1Q==",
      "requires": {
        "@govuk-frederic/open-button": "0.0.3",
        "@govuk-react/constants": "0.2.7",
        "react-collapse": "4.0.3",
        "react-motion": "0.5.2"
      }
    },
    "@govuk-frederic/table-of-contents": {
      "version": "0.0.2",
      "resolved": "https://registry.npmjs.org/@govuk-frederic/table-of-contents/-/table-of-contents-0.0.2.tgz",
      "integrity": "sha512-lhJg8p7QC6AQc17c3r30dXk1/ryRpMzo5Zxw03+NkBBJmsRmWhUR3tOUTcnr/XMQ0r/+8SpwFTAsjQreHn+wBQ=="
    },
    "@govuk-frederic/title-result-count": {
      "version": "0.0.3",
      "resolved": "https://registry.npmjs.org/@govuk-frederic/title-result-count/-/title-result-count-0.0.3.tgz",
      "integrity": "sha512-ejNqTI2ZPt96kiK8eud7Y5UOqsSxTsNwHfnOVHCD39Jp1u+D+RkkRedNpx73t28ssUUDHb2lGth762H9a6hzCg==",
      "requires": {
        "@govuk-frederic/result-count": "0.0.3",
        "@govuk-react/constants": "0.2.7"
      }
    },
    "@govuk-react/constants": {
      "version": "0.2.7",
      "resolved": "https://registry.npmjs.org/@govuk-react/constants/-/constants-0.2.7.tgz",
      "integrity": "sha512-DbGFscDp5eTcGoKTuKHn/xS5MOxJLzVveUU0a6SZG24Vx5HCcmsR1ypaFMgWptuOm+nXZ8gGZux0iLXcOymq8w==",
      "requires": {
        "govuk-colours": "1.0.3"
      }
    },
    "@govuk-react/error-text": {
      "version": "0.2.7",
      "resolved": "https://registry.npmjs.org/@govuk-react/error-text/-/error-text-0.2.7.tgz",
      "integrity": "sha512-6fxqOLQe8m/TsqvsGAWM/lviBJGvAZd7SB7XGmmm+a/4HGoRNBJMM0Em0D/rLCZAmGUw5rH1pBmGc7Q+GkUu/g==",
      "requires": {
        "@govuk-react/constants": "0.2.7",
        "@govuk-react/hoc": "0.2.7",
        "govuk-colours": "1.0.3"
      }
    },
    "@govuk-react/hint-text": {
      "version": "0.2.7",
      "resolved": "https://registry.npmjs.org/@govuk-react/hint-text/-/hint-text-0.2.7.tgz",
      "integrity": "sha512-YwriYhe3zZ4fPufLGO/ZH8At/FBTx3VHhseRXuZY+sPAVeRRE2xx+kXvbYvi+uO/9cr2pS4QaHFB0efsNYJ32Q==",
      "requires": {
        "@govuk-react/constants": "0.2.7",
        "@govuk-react/hoc": "0.2.7",
        "govuk-colours": "1.0.3"
      }
    },
    "@govuk-react/hoc": {
      "version": "0.2.7",
      "resolved": "https://registry.npmjs.org/@govuk-react/hoc/-/hoc-0.2.7.tgz",
      "integrity": "sha512-BTToxpoONR5Nhtdsqf8R38qhzJ8hWs5gFGazWCTsUErqdsvTGpHHlv3L13ImFQhTzHxDTekEOYKaLlZMDokq2Q==",
      "requires": {
        "@govuk-react/constants": "0.2.7",
        "@govuk-react/icons": "0.2.7",
        "govuk-colours": "1.0.3"
      }
    },
    "@govuk-react/icons": {
      "version": "0.2.7",
      "resolved": "https://registry.npmjs.org/@govuk-react/icons/-/icons-0.2.7.tgz",
      "integrity": "sha512-ut4BGl+wr/cdz4/TPPWDUA4+KxlGEz7z3Cg8uLRdHsv9iUJpYquCWSnGAP4aOCokYHOcV186fGtgbVSXZkApoA==",
      "requires": {
        "@govuk-react/constants": "0.2.7",
        "govuk-colours": "1.0.3"
      }
    },
    "@govuk-react/label": {
      "version": "0.2.9",
      "resolved": "https://registry.npmjs.org/@govuk-react/label/-/label-0.2.9.tgz",
      "integrity": "sha512-7HCadeKRJE0JSBWkSj3gaRgY2a33OvvhCWH4pvgPkPjoYE85JCoP6WzHNqzXYdJYw1HQZUBBsrf7n8OXN4quQg==",
      "requires": {
        "@govuk-react/constants": "0.2.7",
        "@govuk-react/hoc": "0.2.7",
        "govuk-colours": "1.0.3"
      }
    },
    "@govuk-react/label-text": {
      "version": "0.2.7",
      "resolved": "https://registry.npmjs.org/@govuk-react/label-text/-/label-text-0.2.7.tgz",
      "integrity": "sha512-aMV4SELPJuIfGsTEZwFLwvLFj1iqhqtJ5DZwgYZmfpoXX4wqMf+fig5W3RZdn7T6wIWa1sOzfpCAW5a0fwzYqg==",
      "requires": {
        "@govuk-react/constants": "0.2.7",
        "@govuk-react/hoc": "0.2.7",
        "govuk-colours": "1.0.3"
      }
    },
    "@govuk-react/text-area": {
      "version": "0.2.9",
      "resolved": "https://registry.npmjs.org/@govuk-react/text-area/-/text-area-0.2.9.tgz",
      "integrity": "sha512-1muAyhTBIooKscUK/Qy3qK3aF8MiLrIBjiwBxpmGzDvls4qlQp8lCGWgNR4VvAx4U1f1HaML+VNelcDpo4q/Sw==",
      "requires": {
        "@govuk-react/constants": "0.2.7",
        "@govuk-react/error-text": "0.2.7",
        "@govuk-react/hint-text": "0.2.7",
        "@govuk-react/hoc": "0.2.7",
        "@govuk-react/label": "0.2.9",
        "@govuk-react/label-text": "0.2.7",
        "govuk-colours": "1.0.3"
      }
    },
    "govuk-colours": {
      "version": "1.0.3",
      "resolved": "https://registry.npmjs.org/govuk-colours/-/govuk-colours-1.0.3.tgz",
      "integrity": "sha512-xdVD7YzHG+KEwCs8Rl+MgVfgEagjANVau4dJNTe30Xi6KySJ1LaI1vzBRRgThBjmJC8YFTwk4CshRtRfSbXKcA=="
    },
    "govuk-frederic": {
      "version": "0.0.3",
      "resolved": "https://registry.npmjs.org/govuk-frederic/-/govuk-frederic-0.0.3.tgz",
      "integrity": "sha512-zbkVG+4KuJHMQuhX9JjeJSmSouf79s/6Cl75LC7Ed3AhDCJI9l8miFs06Q0j5VJ5sAjpml6cgPDK/gwNJIa9aA==",
      "requires": {
        "@govuk-frederic/arrow": "0.0.2",
        "@govuk-frederic/arrow-left": "0.0.3",
        "@govuk-frederic/compact-table-accordion-group": "0.0.3",
        "@govuk-frederic/count": "0.0.3",
        "@govuk-frederic/countdown-text-area": "0.0.3",
        "@govuk-frederic/counter-bar": "0.0.3",
        "@govuk-frederic/distraction-free": "0.0.3",
        "@govuk-frederic/header-button": "0.0.3",
        "@govuk-frederic/keyline": "0.0.3",
        "@govuk-frederic/open-button": "0.0.3",
        "@govuk-frederic/remove-button": "0.0.3",
        "@govuk-frederic/result-count": "0.0.3",
        "@govuk-frederic/result-count-title": "0.0.3",
        "@govuk-frederic/spinner": "0.0.2",
        "@govuk-frederic/table": "0.0.3",
        "@govuk-frederic/table-accordion-group": "0.0.3",
        "@govuk-frederic/table-of-contents": "0.0.2",
        "@govuk-frederic/title-result-count": "0.0.3",
        "govuk-colours": "1.0.3"
      }
    },
    "js-tokens": {
      "version": "4.0.0",
      "resolved": "https://registry.npmjs.org/js-tokens/-/js-tokens-4.0.0.tgz",
      "integrity": "sha512-RdJUflcE3cUzKiMqQgsCu06FPu9UdIJO0beYbPhHN4k6apgJtifcoCtT9bcxOpYBtpD2kCM6Sbzg4CausW/PKQ=="
    },
    "loose-envify": {
      "version": "1.4.0",
      "resolved": "https://registry.npmjs.org/loose-envify/-/loose-envify-1.4.0.tgz",
      "integrity": "sha512-lyuxPGr/Wfhrlem2CL/UcnUc1zcqKAImBDzukY7Y5F/yQiNdko6+fRLevlw1HgMySw7f611UIY408EtxRSoK3Q==",
      "requires": {
        "js-tokens": "4.0.0"
      }
    },
    "object-assign": {
      "version": "4.1.1",
      "resolved": "https://registry.npmjs.org/object-assign/-/object-assign-4.1.1.tgz",
      "integrity": "sha1-IQmtx5ZYh8/AXLvUQsrIv7s2CGM="
    },
    "performance-now": {
      "version": "0.2.0",
      "resolved": "https://registry.npmjs.org/performance-now/-/performance-now-0.2.0.tgz",
      "integrity": "sha1-M+8wxcd9TqIcWlOGnZG1bY8lVeU="
    },
    "prop-types": {
      "version": "15.6.2",
      "resolved": "https://registry.npmjs.org/prop-types/-/prop-types-15.6.2.tgz",
      "integrity": "sha512-3pboPvLiWD7dkI3qf3KbUe6hKFKa52w+AE0VCqECtf+QHAKgOL37tTaNCnuX1nAAQ4ZhyP+kYVKf8rLmJ/feDQ==",
      "requires": {
        "loose-envify": "1.4.0",
        "object-assign": "4.1.1"
      }
    },
    "raf": {
      "version": "3.4.0",
      "resolved": "https://registry.npmjs.org/raf/-/raf-3.4.0.tgz",
      "integrity": "sha512-pDP/NMRAXoTfrhCfyfSEwJAKLaxBU9eApMeBPB1TkDouZmvPerIClV8lTAd+uF8ZiTaVl69e1FCxQrAd/VTjGw==",
      "requires": {
        "performance-now": "2.1.0"
      },
      "dependencies": {
        "performance-now": {
          "version": "2.1.0",
          "resolved": "https://registry.npmjs.org/performance-now/-/performance-now-2.1.0.tgz",
          "integrity": "sha1-Ywn04OX6kT7BxpMHrjZLSzd8nns="
        }
      }
    },
    "react-collapse": {
      "version": "4.0.3",
      "resolved": "https://registry.npmjs.org/react-collapse/-/react-collapse-4.0.3.tgz",
      "integrity": "sha512-OO4NhtEqFtz+1ma31J1B7+ezdRnzHCZiTGSSd/Pxoks9hxrZYhzFEddeYt05A/1477xTtdrwo7xEa2FLJyWGCQ==",
      "requires": {
        "prop-types": "15.6.2"
      }
    },
    "react-motion": {
      "version": "0.5.2",
      "resolved": "https://registry.npmjs.org/react-motion/-/react-motion-0.5.2.tgz",
      "integrity": "sha512-9q3YAvHoUiWlP3cK0v+w1N5Z23HXMj4IF4YuvjvWegWqNPfLXsOBE/V7UvQGpXxHFKRQQcNcVQE31g9SB/6qgQ==",
      "requires": {
        "performance-now": "0.2.0",
        "prop-types": "15.6.2",
        "raf": "3.4.0"
      }
    }
  }
}
