{
  "name": "DependencysMirror",
  "version": "1.0.0",
  "lockfileVersion": 1,
  "requires": true,
  "dependencies": {
    "@govuk-frederic/array-object-table": {
      "version": "0.1.1",
      "resolved": "https://registry.npmjs.org/@govuk-frederic/array-object-table/-/array-object-table-0.1.1.tgz",
      "integrity": "sha512-sUsEAWDiLs6O8lFFtVIMJcs3AD7gDbit1qazdCO55bcFFa4ySVUG72Bl5TExH5dnd+52hiYWvyhS5J6VoTRFTw==",
      "requires": {
        "@govuk-frederic/table": "0.1.1",
        "@govuk-frederic/utils": "0.1.0"
      }
    },
    "@govuk-frederic/arrow": {
      "version": "0.1.1",
      "resolved": "https://registry.npmjs.org/@govuk-frederic/arrow/-/arrow-0.1.1.tgz",
      "integrity": "sha512-D3EjEp3VftRLtZj2nCid8gDif8CCTZNLrEl6v9phknXXTMmfxEaABDbu9pr7fWwyzMmULGsqrPHH55uSMn+L1w=="
    },
    "@govuk-frederic/arrow-left": {
      "version": "0.1.1",
      "resolved": "https://registry.npmjs.org/@govuk-frederic/arrow-left/-/arrow-left-0.1.1.tgz",
      "integrity": "sha512-1PpaJ4OFwuTbzt5QTqpK2WTCsuaXBI/4ePrO6K/bVqA58G4GcUUtx4v5cky2uu0hyY8PUBtvdmcFW94ZDHVkbA==",
      "requires": {
        "@govuk-react/constants": "0.2.7",
        "govuk-colours": "1.0.3"
      }
    },
    "@govuk-frederic/compact-table-accordion-group": {
      "version": "0.1.1",
      "resolved": "https://registry.npmjs.org/@govuk-frederic/compact-table-accordion-group/-/compact-table-accordion-group-0.1.1.tgz",
      "integrity": "sha512-wE7LH77ZXdJxgiq59JmAeTFgdQFMpLAUO/14wpM0A2Gnd4GKs1D2FWvO11X6FpdjFVa63AdlUcUBPTPDGz77Aw==",
      "requires": {
        "@govuk-frederic/open-button": "0.1.1",
        "@govuk-react/constants": "0.2.7",
        "@govuk-react/hoc": "0.2.7"
      }
    },
    "@govuk-frederic/count": {
      "version": "0.1.1",
      "resolved": "https://registry.npmjs.org/@govuk-frederic/count/-/count-0.1.1.tgz",
      "integrity": "sha512-RTLWdqELK2ocTNyOok/DEuE/sNUuqRTWrN6gn/CTt93kriRqc3Sz7xlyonDl1keR5CM6UL39P1LKXEht96n4Eg==",
      "requires": {
        "@govuk-react/constants": "0.2.7"
      }
    },
    "@govuk-frederic/countdown-text-area": {
      "version": "0.1.1",
      "resolved": "https://registry.npmjs.org/@govuk-frederic/countdown-text-area/-/countdown-text-area-0.1.1.tgz",
      "integrity": "sha512-Q6R/TEcVHXhYvCfTpB8dbWN6f8lLGyn5TDvY5ZMG8eVsbNvFMy8v2b2CSQISib5g4fCcD6EWQa2P8y11xq5pdQ==",
      "requires": {
        "@govuk-react/constants": "0.2.7",
        "@govuk-react/text-area": "0.2.9",
        "govuk-colours": "1.0.3"
      }
    },
    "@govuk-frederic/counter-bar": {
      "version": "0.1.1",
      "resolved": "https://registry.npmjs.org/@govuk-frederic/counter-bar/-/counter-bar-0.1.1.tgz",
      "integrity": "sha512-IXKTQEICmnzwWl028PTt2nrgqAouSQt4uzc2rlMAlp1/uWSCFbgbV28lW4ihyVTgQpzd3TkO0/C+ybCatGPWcQ==",
      "requires": {
        "@govuk-frederic/result-count-title": "0.1.1",
        "@govuk-react/constants": "0.2.7",
        "@govuk-react/hoc": "0.2.7",
        "govuk-colours": "1.0.3"
      }
    },
    "@govuk-frederic/distraction-free": {
      "version": "0.1.1",
      "resolved": "https://registry.npmjs.org/@govuk-frederic/distraction-free/-/distraction-free-0.1.1.tgz",
      "integrity": "sha512-era2Y+bFHBODkAadZS5clYmBgMPSzhiihZYarFxDQj2J16Lv2MFPVlL0mRmDySP1FKcUgLH28sj99xFiz6RN2A==",
      "requires": {
        "@govuk-frederic/arrow-left": "0.1.1",
        "@govuk-react/constants": "0.2.7",
        "govuk-colours": "1.0.3"
      }
    },
    "@govuk-frederic/header-button": {
      "version": "0.1.1",
      "resolved": "https://registry.npmjs.org/@govuk-frederic/header-button/-/header-button-0.1.1.tgz",
      "integrity": "sha512-QeKg6cgGcsUkIybHHtXnvdvmyZ7F2fadmvmAZgQ0p8qBjjSIchKQzSpe71deioHqg7IJ6M790Brno2Or2/tITQ==",
      "requires": {
        "@govuk-react/constants": "0.2.7",
        "govuk-colours": "1.0.3"
      }
    },
    "@govuk-frederic/keyline": {
      "version": "0.1.1",
      "resolved": "https://registry.npmjs.org/@govuk-frederic/keyline/-/keyline-0.1.1.tgz",
      "integrity": "sha512-wuHQeYT1tH4odU/9S01+P8RWJol8Y3NnvYtWrExhe9bjwmA6rpjP1/QQcyIuq4fYFiVUXQoCxg4upRuU3Z0qgA==",
      "requires": {
        "@govuk-frederic/result-count-title": "0.1.1",
        "@govuk-react/constants": "0.2.7",
        "@govuk-react/hoc": "0.2.7",
        "govuk-colours": "1.0.3"
      }
    },
    "@govuk-frederic/object-table": {
      "version": "0.1.1",
      "resolved": "https://registry.npmjs.org/@govuk-frederic/object-table/-/object-table-0.1.1.tgz",
      "integrity": "sha512-Sagy2N+E+n4eCd5MKZlSVSQVaBtBmHjeY0KyfbzLG1ht1eMHBYJ84IOYWHXJrQ24j+JUhlrVIZbGXAdbM/tW7w==",
      "requires": {
        "@govuk-frederic/table": "0.1.1",
        "@govuk-frederic/utils": "0.1.0"
      }
    },
    "@govuk-frederic/open-button": {
      "version": "0.1.1",
      "resolved": "https://registry.npmjs.org/@govuk-frederic/open-button/-/open-button-0.1.1.tgz",
      "integrity": "sha512-LBUqKi4uyfFhvTsjjsv2pHoWSgLeA6W6MdHhlpOx8l2b+DzS+1Rdm2WFZW2Tbf8puzT7wACeALk96Q9+DnT3eg==",
      "requires": {
        "@govuk-frederic/arrow": "0.1.1"
      }
    },
    "@govuk-frederic/remove-button": {
      "version": "0.1.1",
      "resolved": "https://registry.npmjs.org/@govuk-frederic/remove-button/-/remove-button-0.1.1.tgz",
      "integrity": "sha512-BwQhzMWWCwKHNPHuiXWcBBNHXy4TSmufNh1Ti4GeXz7hoNRwu5bDjM/RYRsda38G6gu4Lie+oO29Wjx20OcNbQ==",
      "requires": {
        "@govuk-react/constants": "0.2.7"
      }
    },
    "@govuk-frederic/result-count": {
      "version": "0.1.1",
      "resolved": "https://registry.npmjs.org/@govuk-frederic/result-count/-/result-count-0.1.1.tgz",
      "integrity": "sha512-cdN3mXUz1E6foLYrgQMhuSh8fpWBUxexF82+5EHf4JlPzv6Y01cD91Umv2b3Wfg3Slb8tUMhAU0ZkufdGtTDuQ==",
      "requires": {
        "@govuk-react/constants": "0.2.7",
        "govuk-colours": "1.0.3"
      }
    },
    "@govuk-frederic/result-count-title": {
      "version": "0.1.1",
      "resolved": "https://registry.npmjs.org/@govuk-frederic/result-count-title/-/result-count-title-0.1.1.tgz",
      "integrity": "sha512-sPe51HbIaGJhxlg+cGscTE+9futKVF6JljCTDLG6U7aEb9SoCJKly0oRp7z2lhBoTZt/NpY0WtYOx6wfgbWgoA==",
      "requires": {
        "@govuk-frederic/result-count": "0.1.1",
        "@govuk-react/constants": "0.2.7"
      }
    },
    "@govuk-frederic/spinner": {
      "version": "0.1.1",
      "resolved": "https://registry.npmjs.org/@govuk-frederic/spinner/-/spinner-0.1.1.tgz",
      "integrity": "sha512-BrTZzb8QtYj/uDNfYXDiWEHpHq8L5rLqRrAygQEOtHTUWcw7MDtNcxMdRb8Np5NGl4Z2QFE4qIIPgSoSrbnZTA=="
    },
    "@govuk-frederic/table": {
      "version": "0.1.1",
      "resolved": "https://registry.npmjs.org/@govuk-frederic/table/-/table-0.1.1.tgz",
      "integrity": "sha512-WAaNib+ByK0L5rx1eCFZkZrlyWE7iFWwcNk8SPu0+3v2RedFUyXxrQWHA6PagEb2gz26S5rRPlh1rAc/Ik6wqQ==",
      "requires": {
        "@govuk-react/constants": "0.2.7",
        "@govuk-react/hoc": "0.2.7"
      }
    },
    "@govuk-frederic/table-accordion-group": {
      "version": "0.1.1",
      "resolved": "https://registry.npmjs.org/@govuk-frederic/table-accordion-group/-/table-accordion-group-0.1.1.tgz",
      "integrity": "sha512-/ZzEzqUQXEBjxun7ecCqV6wOqIIL9VsVXo+wO9v/YUcsWyULP1EmVZ7SpO+5CHDG5PriSBi6AM+xLR3bA4lH3A==",
      "requires": {
        "@govuk-frederic/open-button": "0.1.1",
        "@govuk-react/constants": "0.2.7",
        "@govuk-react/hoc": "0.2.7",
        "react-collapse": "4.0.3",
        "react-motion": "0.5.2"
      }
    },
    "@govuk-frederic/table-of-contents": {
      "version": "0.1.1",
      "resolved": "https://registry.npmjs.org/@govuk-frederic/table-of-contents/-/table-of-contents-0.1.1.tgz",
      "integrity": "sha512-hGK5aKEZP9dF9pbND1LQWTxcisyL5t8Gbo/bWaPAhw59bU7uw0Jx9VtAHxZW+hdUuWOVCxZj/oSq/ZpH9YVfzg=="
    },
    "@govuk-frederic/title-result-count": {
      "version": "0.1.1",
      "resolved": "https://registry.npmjs.org/@govuk-frederic/title-result-count/-/title-result-count-0.1.1.tgz",
      "integrity": "sha512-QkQT3Ea7nULUNEfM+5ewb3PgrUt0JK3MzslDlLt3Ikq8RIrFYnt3iUHasCW2W6uvJE/6+M3hjgGWR03wRjXocA==",
      "requires": {
        "@govuk-frederic/result-count": "0.1.1",
        "@govuk-react/constants": "0.2.7"
      }
    },
    "@govuk-frederic/utils": {
      "version": "0.1.0",
      "resolved": "https://registry.npmjs.org/@govuk-frederic/utils/-/utils-0.1.0.tgz",
      "integrity": "sha512-6E8JF2RSRNDa6H+pyODfzxQai4ySX3WhuX1WdmmGn4s5Y4BWbiL97qsyDf93Q8jTTaZk+NVc7bYHM1dNetX+8g=="
    },
    "@govuk-react/constants": {
      "version": "0.2.7",
      "resolved": "https://registry.npmjs.org/@govuk-react/constants/-/constants-0.2.7.tgz",
      "integrity": "sha512-DbGFscDp5eTcGoKTuKHn/xS5MOxJLzVveUU0a6SZG24Vx5HCcmsR1ypaFMgWptuOm+nXZ8gGZux0iLXcOymq8w==",
      "requires": {
        "govuk-colours": "1.0.3"
      }
    },
    "@govuk-react/error-text": {
      "version": "0.2.7",
      "resolved": "https://registry.npmjs.org/@govuk-react/error-text/-/error-text-0.2.7.tgz",
      "integrity": "sha512-6fxqOLQe8m/TsqvsGAWM/lviBJGvAZd7SB7XGmmm+a/4HGoRNBJMM0Em0D/rLCZAmGUw5rH1pBmGc7Q+GkUu/g==",
      "requires": {
        "@govuk-react/constants": "0.2.7",
        "@govuk-react/hoc": "0.2.7",
        "govuk-colours": "1.0.3"
      }
    },
    "@govuk-react/hint-text": {
      "version": "0.2.7",
      "resolved": "https://registry.npmjs.org/@govuk-react/hint-text/-/hint-text-0.2.7.tgz",
      "integrity": "sha512-YwriYhe3zZ4fPufLGO/ZH8At/FBTx3VHhseRXuZY+sPAVeRRE2xx+kXvbYvi+uO/9cr2pS4QaHFB0efsNYJ32Q==",
      "requires": {
        "@govuk-react/constants": "0.2.7",
        "@govuk-react/hoc": "0.2.7",
        "govuk-colours": "1.0.3"
      }
    },
    "@govuk-react/hoc": {
      "version": "0.2.7",
      "resolved": "https://registry.npmjs.org/@govuk-react/hoc/-/hoc-0.2.7.tgz",
      "integrity": "sha512-BTToxpoONR5Nhtdsqf8R38qhzJ8hWs5gFGazWCTsUErqdsvTGpHHlv3L13ImFQhTzHxDTekEOYKaLlZMDokq2Q==",
      "requires": {
        "@govuk-react/constants": "0.2.7",
        "@govuk-react/icons": "0.2.7",
        "govuk-colours": "1.0.3"
      }
    },
    "@govuk-react/icons": {
      "version": "0.2.7",
      "resolved": "https://registry.npmjs.org/@govuk-react/icons/-/icons-0.2.7.tgz",
      "integrity": "sha512-ut4BGl+wr/cdz4/TPPWDUA4+KxlGEz7z3Cg8uLRdHsv9iUJpYquCWSnGAP4aOCokYHOcV186fGtgbVSXZkApoA==",
      "requires": {
        "@govuk-react/constants": "0.2.7",
        "govuk-colours": "1.0.3"
      }
    },
    "@govuk-react/label": {
      "version": "0.2.9",
      "resolved": "https://registry.npmjs.org/@govuk-react/label/-/label-0.2.9.tgz",
      "integrity": "sha512-7HCadeKRJE0JSBWkSj3gaRgY2a33OvvhCWH4pvgPkPjoYE85JCoP6WzHNqzXYdJYw1HQZUBBsrf7n8OXN4quQg==",
      "requires": {
        "@govuk-react/constants": "0.2.7",
        "@govuk-react/hoc": "0.2.7",
        "govuk-colours": "1.0.3"
      }
    },
    "@govuk-react/label-text": {
      "version": "0.2.7",
      "resolved": "https://registry.npmjs.org/@govuk-react/label-text/-/label-text-0.2.7.tgz",
      "integrity": "sha512-aMV4SELPJuIfGsTEZwFLwvLFj1iqhqtJ5DZwgYZmfpoXX4wqMf+fig5W3RZdn7T6wIWa1sOzfpCAW5a0fwzYqg==",
      "requires": {
        "@govuk-react/constants": "0.2.7",
        "@govuk-react/hoc": "0.2.7",
        "govuk-colours": "1.0.3"
      }
    },
    "@govuk-react/text-area": {
      "version": "0.2.9",
      "resolved": "https://registry.npmjs.org/@govuk-react/text-area/-/text-area-0.2.9.tgz",
      "integrity": "sha512-1muAyhTBIooKscUK/Qy3qK3aF8MiLrIBjiwBxpmGzDvls4qlQp8lCGWgNR4VvAx4U1f1HaML+VNelcDpo4q/Sw==",
      "requires": {
        "@govuk-react/constants": "0.2.7",
        "@govuk-react/error-text": "0.2.7",
        "@govuk-react/hint-text": "0.2.7",
        "@govuk-react/hoc": "0.2.7",
        "@govuk-react/label": "0.2.9",
        "@govuk-react/label-text": "0.2.7",
        "govuk-colours": "1.0.3"
      }
    },
    "govuk-colours": {
      "version": "1.0.3",
      "resolved": "https://registry.npmjs.org/govuk-colours/-/govuk-colours-1.0.3.tgz",
      "integrity": "sha512-xdVD7YzHG+KEwCs8Rl+MgVfgEagjANVau4dJNTe30Xi6KySJ1LaI1vzBRRgThBjmJC8YFTwk4CshRtRfSbXKcA=="
    },
    "govuk-frederic": {
      "version": "0.1.1",
      "resolved": "https://registry.npmjs.org/govuk-frederic/-/govuk-frederic-0.1.1.tgz",
      "integrity": "sha512-I9rcwcBzkK3l8LDHuzBBhBPWJdXpYNHx3dfHLMGFu+oFXA1nKDBEuMEtYIpk3Z8+iJ3hqyF/rR71npn85Mg+zg==",
      "requires": {
        "@govuk-frederic/array-object-table": "0.1.1",
        "@govuk-frederic/arrow": "0.1.1",
        "@govuk-frederic/arrow-left": "0.1.1",
        "@govuk-frederic/compact-table-accordion-group": "0.1.1",
        "@govuk-frederic/count": "0.1.1",
        "@govuk-frederic/countdown-text-area": "0.1.1",
        "@govuk-frederic/counter-bar": "0.1.1",
        "@govuk-frederic/distraction-free": "0.1.1",
        "@govuk-frederic/header-button": "0.1.1",
        "@govuk-frederic/keyline": "0.1.1",
        "@govuk-frederic/object-table": "0.1.1",
        "@govuk-frederic/open-button": "0.1.1",
        "@govuk-frederic/remove-button": "0.1.1",
        "@govuk-frederic/result-count": "0.1.1",
        "@govuk-frederic/result-count-title": "0.1.1",
        "@govuk-frederic/spinner": "0.1.1",
        "@govuk-frederic/table": "0.1.1",
        "@govuk-frederic/table-accordion-group": "0.1.1",
        "@govuk-frederic/table-of-contents": "0.1.1",
        "@govuk-frederic/title-result-count": "0.1.1",
        "@govuk-frederic/utils": "0.1.0",
        "govuk-colours": "1.0.3"
      }
    },
    "js-tokens": {
      "version": "4.0.0",
      "resolved": "https://registry.npmjs.org/js-tokens/-/js-tokens-4.0.0.tgz",
      "integrity": "sha512-RdJUflcE3cUzKiMqQgsCu06FPu9UdIJO0beYbPhHN4k6apgJtifcoCtT9bcxOpYBtpD2kCM6Sbzg4CausW/PKQ=="
    },
    "loose-envify": {
      "version": "1.4.0",
      "resolved": "https://registry.npmjs.org/loose-envify/-/loose-envify-1.4.0.tgz",
      "integrity": "sha512-lyuxPGr/Wfhrlem2CL/UcnUc1zcqKAImBDzukY7Y5F/yQiNdko6+fRLevlw1HgMySw7f611UIY408EtxRSoK3Q==",
      "requires": {
        "js-tokens": "4.0.0"
      }
    },
    "object-assign": {
      "version": "4.1.1",
      "resolved": "https://registry.npmjs.org/object-assign/-/object-assign-4.1.1.tgz",
      "integrity": "sha1-IQmtx5ZYh8/AXLvUQsrIv7s2CGM="
    },
    "performance-now": {
      "version": "0.2.0",
      "resolved": "https://registry.npmjs.org/performance-now/-/performance-now-0.2.0.tgz",
      "integrity": "sha1-M+8wxcd9TqIcWlOGnZG1bY8lVeU="
    },
    "prop-types": {
      "version": "15.6.2",
      "resolved": "https://registry.npmjs.org/prop-types/-/prop-types-15.6.2.tgz",
      "integrity": "sha512-3pboPvLiWD7dkI3qf3KbUe6hKFKa52w+AE0VCqECtf+QHAKgOL37tTaNCnuX1nAAQ4ZhyP+kYVKf8rLmJ/feDQ==",
      "requires": {
        "loose-envify": "1.4.0",
        "object-assign": "4.1.1"
      }
    },
    "raf": {
      "version": "3.4.0",
      "resolved": "https://registry.npmjs.org/raf/-/raf-3.4.0.tgz",
      "integrity": "sha512-pDP/NMRAXoTfrhCfyfSEwJAKLaxBU9eApMeBPB1TkDouZmvPerIClV8lTAd+uF8ZiTaVl69e1FCxQrAd/VTjGw==",
      "requires": {
        "performance-now": "2.1.0"
      },
      "dependencies": {
        "performance-now": {
          "version": "2.1.0",
          "resolved": "https://registry.npmjs.org/performance-now/-/performance-now-2.1.0.tgz",
          "integrity": "sha1-Ywn04OX6kT7BxpMHrjZLSzd8nns="
        }
      }
    },
    "react-collapse": {
      "version": "4.0.3",
      "resolved": "https://registry.npmjs.org/react-collapse/-/react-collapse-4.0.3.tgz",
      "integrity": "sha512-OO4NhtEqFtz+1ma31J1B7+ezdRnzHCZiTGSSd/Pxoks9hxrZYhzFEddeYt05A/1477xTtdrwo7xEa2FLJyWGCQ==",
      "requires": {
        "prop-types": "15.6.2"
      }
    },
    "react-motion": {
      "version": "0.5.2",
      "resolved": "https://registry.npmjs.org/react-motion/-/react-motion-0.5.2.tgz",
      "integrity": "sha512-9q3YAvHoUiWlP3cK0v+w1N5Z23HXMj4IF4YuvjvWegWqNPfLXsOBE/V7UvQGpXxHFKRQQcNcVQE31g9SB/6qgQ==",
      "requires": {
        "performance-now": "0.2.0",
        "prop-types": "15.6.2",
        "raf": "3.4.0"
      }
    }
  }
}
