{
  "name": "DependencysMirror",
  "version": "1.0.0",
  "lockfileVersion": 1,
  "requires": true,
  "dependencies": {
    "react-final-form": {
      "version": "3.6.7",
      "resolved": "https://registry.npmjs.org/react-final-form/-/react-final-form-3.6.7.tgz",
      "integrity": "sha512-/m7JBwA5FaGlSo2ZSFhzQYfPKfT18uirIbJrojWgb9GLoYU2wEOq9yM+vlugqTPD4Ozq+TFJDxWr1jzgASN0fA=="
    },
    "react-final-form-arrays": {
      "version": "1.1.0",
      "resolved": "https://registry.npmjs.org/react-final-form-arrays/-/react-final-form-arrays-1.1.0.tgz",
      "integrity": "sha512-DcNUoWxY7Ty7QeO/F/WVmX3BCssGUF6P+UCRjiVbX4halM1h/24BHxcWIEI7zr+pIfCY9YNsXWmcKgo0XrMerQ==",
      "requires": {
        "react-lifecycles-compat": "^3.0.4"
      }
    },
    "react-final-form-listeners": {
      "version": "1.0.1",
      "resolved": "https://registry.npmjs.org/react-final-form-listeners/-/react-final-form-listeners-1.0.1.tgz",
      "integrity": "sha512-RtxE9VtB9hp0Buro3VgtB4CpdpEYyVueJQy9lZ7gYMVBRzAT3t3+Bvtu2kmxOfwmWvMyL8jts2HPAcTGNJdA2Q=="
    },
    "react-lifecycles-compat": {
      "version": "3.0.4",
      "resolved": "https://registry.npmjs.org/react-lifecycles-compat/-/react-lifecycles-compat-3.0.4.tgz",
      "integrity": "sha512-fBASbA6LnOU9dOU2eW7aQ8xmYBSXUIWr+UmF9b1efZBazGNO+rcXT/icdKnYm2pTwcRylVUYwW7H1PHfLekVzA=="
    }
  }
}
