{
  "name": "DependencysMirror",
  "version": "1.0.0",
  "lockfileVersion": 1,
  "requires": true,
  "dependencies": {
    "@govuk-frederic/array-object-table": {
      "version": "0.0.5",
      "resolved": "https://registry.npmjs.org/@govuk-frederic/array-object-table/-/array-object-table-0.0.5.tgz",
      "integrity": "sha512-KqsH4P3ATHzae7sfjAG/27IJhaI1z4gWrtMSeF0PWxM+ggEehPPJTgBKnzivGpKbf2TJwNnBOgM6pQfzLR5dGQ==",
      "requires": {
        "@govuk-frederic/table": "0.0.5",
        "@govuk-frederic/utils": "0.0.4"
      }
    },
    "@govuk-frederic/arrow": {
      "version": "0.0.4",
      "resolved": "https://registry.npmjs.org/@govuk-frederic/arrow/-/arrow-0.0.4.tgz",
      "integrity": "sha512-hnsLNmCOIHYpp6n0Xwk12R0b1dy/0lJLvPXqjO1eM2F2TdJ/j7XnEYXJlDLbVdtZIxIcOo/h3f44AKAa1tt/nw=="
    },
    "@govuk-frederic/arrow-left": {
      "version": "0.0.4",
      "resolved": "https://registry.npmjs.org/@govuk-frederic/arrow-left/-/arrow-left-0.0.4.tgz",
      "integrity": "sha512-wLW8E3qlxAgsUb6E+LGnQaGsBJWtmf0bPzw8+DWVC702vB5Uh6RVZOCPLjfV4OvsTwMleA+jpBQ7ATAMGrnFjw==",
      "requires": {
        "@govuk-react/constants": "0.2.7",
        "govuk-colours": "1.0.3"
      }
    },
    "@govuk-frederic/compact-table-accordion-group": {
      "version": "0.0.5",
      "resolved": "https://registry.npmjs.org/@govuk-frederic/compact-table-accordion-group/-/compact-table-accordion-group-0.0.5.tgz",
      "integrity": "sha512-oFcZp0kN04iMGEex83jJkPzpoQZZzIyQSN8929As/bwdXkyNX5t+qDWNuy/LrtHk9GVPYxYAiNf9w42geV5s9g==",
      "requires": {
        "@govuk-frederic/open-button": "0.0.3",
        "@govuk-react/constants": "0.2.7",
        "@govuk-react/hoc": "0.2.7"
      },
      "dependencies": {
        "@govuk-frederic/arrow": {
          "version": "0.0.2",
          "resolved": "https://registry.npmjs.org/@govuk-frederic/arrow/-/arrow-0.0.2.tgz",
          "integrity": "sha512-4SuDKVmFriyLk1dHGJfvRfk1oIOiz8XbjIYP0epb6HjIaSjZtqx8vMn5KpfCkeXiwkiNfidI4YzxDDGOuPqmJA=="
        },
        "@govuk-frederic/open-button": {
          "version": "0.0.3",
          "resolved": "https://registry.npmjs.org/@govuk-frederic/open-button/-/open-button-0.0.3.tgz",
          "integrity": "sha512-/m3RARlZW46op1aLdVp00FUTfuQ+fixe73cYhH8LxuD9ylh3KpeFYfihgwDIeivmG/umDQgPpPZ2xgn21+TRXw==",
          "requires": {
            "@govuk-frederic/arrow": "0.0.2"
          }
        }
      }
    },
    "@govuk-frederic/count": {
      "version": "0.0.3",
      "resolved": "https://registry.npmjs.org/@govuk-frederic/count/-/count-0.0.3.tgz",
      "integrity": "sha512-BZbI0LgxCoBBaS5YltNYxZgkSCa+rtW2tx3TA8Sk8W9BGYNUSwj/yYP7pPh8DqopBGEnvv8gTIoAKRssWjEHzg==",
      "requires": {
        "@govuk-react/constants": "0.2.7"
      }
    },
    "@govuk-frederic/countdown-text-area": {
      "version": "0.0.4",
      "resolved": "https://registry.npmjs.org/@govuk-frederic/countdown-text-area/-/countdown-text-area-0.0.4.tgz",
      "integrity": "sha512-OVm5WDhGtRU41rU57d4uahFe0FVQmtUdWYXDeJM8RDVTi1+7kge0PJOsxN7AKPjnfhrWbDfu5IKtggVq8aVv+A==",
      "requires": {
        "@govuk-react/constants": "0.2.7",
        "@govuk-react/text-area": "0.2.9",
        "govuk-colours": "1.0.3"
      }
    },
    "@govuk-frederic/counter-bar": {
      "version": "0.0.5",
      "resolved": "https://registry.npmjs.org/@govuk-frederic/counter-bar/-/counter-bar-0.0.5.tgz",
      "integrity": "sha512-BOK1ldArozPCo4BCoGdh1QDlIUOyJNRfmbIpNkOUfPvESjUA0j6yRX68maIwJrNPZL7Kk/ldF9LETCXv9sOfbg==",
      "requires": {
        "@govuk-frederic/result-count-title": "0.0.3",
        "@govuk-react/constants": "0.2.7",
        "@govuk-react/hoc": "0.2.7",
        "govuk-colours": "1.0.3"
      }
    },
    "@govuk-frederic/distraction-free": {
      "version": "0.0.4",
      "resolved": "https://registry.npmjs.org/@govuk-frederic/distraction-free/-/distraction-free-0.0.4.tgz",
      "integrity": "sha512-yu9NfEP2zilr1V2UUGhhSwP2xhG/5Fe/Ga4o8Sh1Pi0tUgsvkNLHuiDl4qQQuTOnp0O4F6M5cSpkcPttZtp0XA==",
      "requires": {
        "@govuk-frederic/arrow-left": "0.0.4",
        "@govuk-react/constants": "0.2.7",
        "govuk-colours": "1.0.3"
      }
    },
    "@govuk-frederic/header-button": {
      "version": "0.0.4",
      "resolved": "https://registry.npmjs.org/@govuk-frederic/header-button/-/header-button-0.0.4.tgz",
      "integrity": "sha512-76KTYibaAX4TisrVZqAQdvCRrSL0hGWjXYPmaUt+uVo8Rxqe6qf9arrQRg+1KcwIn1pumZdRlMMVWN9I7StUQg==",
      "requires": {
        "@govuk-react/constants": "0.2.7",
        "govuk-colours": "1.0.3"
      }
    },
    "@govuk-frederic/keyline": {
      "version": "0.0.5",
      "resolved": "https://registry.npmjs.org/@govuk-frederic/keyline/-/keyline-0.0.5.tgz",
      "integrity": "sha512-t+eHfWnEDcUBEQ+THNq0vYQfIpoPBNUlnYa2kSKh9Lr3ff20QA9Xgg5vAoxuPRggW6jgoAb+rmk8KWxqHUZjNg==",
      "requires": {
        "@govuk-frederic/result-count-title": "0.0.3",
        "@govuk-react/constants": "0.2.7",
        "@govuk-react/hoc": "0.2.7",
        "govuk-colours": "1.0.3"
      }
    },
    "@govuk-frederic/object-table": {
      "version": "0.0.5",
      "resolved": "https://registry.npmjs.org/@govuk-frederic/object-table/-/object-table-0.0.5.tgz",
      "integrity": "sha512-S82uzJ6MDxhavkI3gFHj9B8AaMrBQJqcgwzK2dU8dWKY67M8sQpDYmG6wpMGiZ1hVC2J3WHw6wlBr2INeTY6hg==",
      "requires": {
        "@govuk-frederic/table": "0.0.5",
        "@govuk-frederic/utils": "0.0.4"
      }
    },
    "@govuk-frederic/open-button": {
      "version": "0.0.4",
      "resolved": "https://registry.npmjs.org/@govuk-frederic/open-button/-/open-button-0.0.4.tgz",
      "integrity": "sha512-HYve20GrKCqrt+L34eLHSfUmgyIRQR4YHnZeej0VzWa+EFmp0AlAfqnXZPX7/3kVm83Tm6ccmeLl0bJbbwnurQ==",
      "requires": {
        "@govuk-frederic/arrow": "0.0.4"
      }
    },
    "@govuk-frederic/remove-button": {
      "version": "0.0.3",
      "resolved": "https://registry.npmjs.org/@govuk-frederic/remove-button/-/remove-button-0.0.3.tgz",
      "integrity": "sha512-xRR23VGzJoa5bPqZul6kueDDjxPNXoOymBSQ3OmGywmcAo5xZoU929pkFpGc3rIo4/r71mVxvQOVAZHuTDXzbw==",
      "requires": {
        "@govuk-react/constants": "0.2.7"
      }
    },
    "@govuk-frederic/result-count": {
      "version": "0.0.3",
      "resolved": "https://registry.npmjs.org/@govuk-frederic/result-count/-/result-count-0.0.3.tgz",
      "integrity": "sha512-XSn6HHsgBLd64bWS7D+Ir2+2TajFAFGvcP+D+ZHPG8zTjp0ITNQ95y2mlBTNFtFy9Cjacyh6Ffs8yA1vBWojRA==",
      "requires": {
        "@govuk-react/constants": "0.2.7",
        "govuk-colours": "1.0.3"
      }
    },
    "@govuk-frederic/result-count-title": {
      "version": "0.0.3",
      "resolved": "https://registry.npmjs.org/@govuk-frederic/result-count-title/-/result-count-title-0.0.3.tgz",
      "integrity": "sha512-5UMYY2iCFnAXlKmo5sYbc5xc9FLIhU1wiB/jQSlwNtQRJayKwLmnu67aWF33OOLtg/e0fd7C36yT30Lv2BllzQ==",
      "requires": {
        "@govuk-frederic/result-count": "0.0.3",
        "@govuk-react/constants": "0.2.7"
      }
    },
    "@govuk-frederic/spinner": {
      "version": "0.0.4",
      "resolved": "https://registry.npmjs.org/@govuk-frederic/spinner/-/spinner-0.0.4.tgz",
      "integrity": "sha512-KJEonJ/nRHYavaItdTGydgb7DpfSCczMRoqs8bM26e7TEtl0Jo/EkX+Zdz5hfiXlvg1b3TuM9B5ckPX3Hec9dg=="
    },
    "@govuk-frederic/table": {
      "version": "0.0.5",
      "resolved": "https://registry.npmjs.org/@govuk-frederic/table/-/table-0.0.5.tgz",
      "integrity": "sha512-D60Wc97oiasI4Iugr2AMctUrlXIJwBXUquRRq//RT6avryfY40gp6Kq/IQUg7Ydwpc2l+qFAhjkMLL+xrHeohQ==",
      "requires": {
        "@govuk-react/constants": "0.2.7",
        "@govuk-react/hoc": "0.2.7"
      }
    },
    "@govuk-frederic/table-accordion-group": {
      "version": "0.0.5",
      "resolved": "https://registry.npmjs.org/@govuk-frederic/table-accordion-group/-/table-accordion-group-0.0.5.tgz",
      "integrity": "sha512-E1j/6yps1GtzPHm72eh5/Ynk5I18PwIneYsWx/iPnPUiAsmFHIP9nb6GX0MQyiys+NHWs/D43MJzdMwElJerzw==",
      "requires": {
        "@govuk-frederic/open-button": "0.0.3",
        "@govuk-react/constants": "0.2.7",
        "@govuk-react/hoc": "0.2.7",
        "react-collapse": "4.0.3",
        "react-motion": "0.5.2"
      },
      "dependencies": {
        "@govuk-frederic/arrow": {
          "version": "0.0.2",
          "resolved": "https://registry.npmjs.org/@govuk-frederic/arrow/-/arrow-0.0.2.tgz",
          "integrity": "sha512-4SuDKVmFriyLk1dHGJfvRfk1oIOiz8XbjIYP0epb6HjIaSjZtqx8vMn5KpfCkeXiwkiNfidI4YzxDDGOuPqmJA=="
        },
        "@govuk-frederic/open-button": {
          "version": "0.0.3",
          "resolved": "https://registry.npmjs.org/@govuk-frederic/open-button/-/open-button-0.0.3.tgz",
          "integrity": "sha512-/m3RARlZW46op1aLdVp00FUTfuQ+fixe73cYhH8LxuD9ylh3KpeFYfihgwDIeivmG/umDQgPpPZ2xgn21+TRXw==",
          "requires": {
            "@govuk-frederic/arrow": "0.0.2"
          }
        }
      }
    },
    "@govuk-frederic/table-of-contents": {
      "version": "0.0.5",
      "resolved": "https://registry.npmjs.org/@govuk-frederic/table-of-contents/-/table-of-contents-0.0.5.tgz",
      "integrity": "sha512-0FgR84vf+VW06+GcoQN+Uwzaj9a/A9LPHUW3MNtyFGH7VPyEsFl+I6dASbaRw/9Nso9x7NUHJkO2aA0sf3lXRw=="
    },
    "@govuk-frederic/title-result-count": {
      "version": "0.0.3",
      "resolved": "https://registry.npmjs.org/@govuk-frederic/title-result-count/-/title-result-count-0.0.3.tgz",
      "integrity": "sha512-ejNqTI2ZPt96kiK8eud7Y5UOqsSxTsNwHfnOVHCD39Jp1u+D+RkkRedNpx73t28ssUUDHb2lGth762H9a6hzCg==",
      "requires": {
        "@govuk-frederic/result-count": "0.0.3",
        "@govuk-react/constants": "0.2.7"
      }
    },
    "@govuk-frederic/utils": {
      "version": "0.0.4",
      "resolved": "https://registry.npmjs.org/@govuk-frederic/utils/-/utils-0.0.4.tgz",
      "integrity": "sha512-xcv47Yan6XDp7UEDK/YMVvmpqDHVUGgryh1GaR+H2Ab19mL5AwCPfOxiTNRbbWIlCq6LuedzlUlfFgFMTdh8mw=="
    },
    "@govuk-react/back-link": {
      "version": "0.2.9",
      "resolved": "https://registry.npmjs.org/@govuk-react/back-link/-/back-link-0.2.9.tgz",
      "integrity": "sha512-asDd98Q93rZkc4hJq4T0s0ZTZ+CCRSpbCwEfsEDAPf61MhKutpYIJB/cLjA7QcnJn8dThPN0TUsj9f2zIzWiNQ==",
      "requires": {
        "@govuk-react/constants": "0.2.7",
        "@govuk-react/hoc": "0.2.7",
        "govuk-colours": "1.0.3"
      }
    },
    "@govuk-react/breadcrumb": {
      "version": "0.2.7",
      "resolved": "https://registry.npmjs.org/@govuk-react/breadcrumb/-/breadcrumb-0.2.7.tgz",
      "integrity": "sha512-EpAYV+hUulUyadF7HzMB+K7uScasfOaGgw0DviaZmERn1xHgMk3HqidCy5Xk1pzQ49hfLgGymQEHYt2Zkx4GDw==",
      "requires": {
        "@govuk-react/constants": "0.2.7",
        "@govuk-react/hoc": "0.2.7",
        "govuk-colours": "1.0.3"
      }
    },
    "@govuk-react/button": {
      "version": "0.2.7",
      "resolved": "https://registry.npmjs.org/@govuk-react/button/-/button-0.2.7.tgz",
      "integrity": "sha512-qPghnV0cxqwjQ5/38T3tMAdMvkYA2tdguqOgdslMrPEMk3vRewYdZKcaFK3xGdZFfoMfbi7xSuJj2WVu5nVI0g==",
      "requires": {
        "@govuk-react/constants": "0.2.7",
        "@govuk-react/hoc": "0.2.7",
        "@govuk-react/icons": "0.2.7",
        "govuk-colours": "1.0.3"
      }
    },
    "@govuk-react/checkbox": {
      "version": "0.2.7",
      "resolved": "https://registry.npmjs.org/@govuk-react/checkbox/-/checkbox-0.2.7.tgz",
      "integrity": "sha512-xaMd8RETI8dpX1uHWPN/9cVtx/TuB6E8ASRkIqUnW3mpzvj3rGrIz6xe9+c6PYfDPrOI4JK8IdI7KMtmUkjhFg==",
      "requires": {
        "@govuk-react/constants": "0.2.7",
        "@govuk-react/hoc": "0.2.7",
        "govuk-colours": "1.0.3"
      }
    },
    "@govuk-react/constants": {
      "version": "0.2.7",
      "resolved": "https://registry.npmjs.org/@govuk-react/constants/-/constants-0.2.7.tgz",
      "integrity": "sha512-DbGFscDp5eTcGoKTuKHn/xS5MOxJLzVveUU0a6SZG24Vx5HCcmsR1ypaFMgWptuOm+nXZ8gGZux0iLXcOymq8w==",
      "requires": {
        "govuk-colours": "1.0.3"
      }
    },
    "@govuk-react/date-input": {
      "version": "0.2.9",
      "resolved": "https://registry.npmjs.org/@govuk-react/date-input/-/date-input-0.2.9.tgz",
      "integrity": "sha512-NsuIXu+QySzghXg2TLOrqhDXYF3F/0G3mq+otRktIqNKVqMAdlUUMDP0NCXRNXQKi2I726UAoqno3RCFBFJNMA==",
      "requires": {
        "@govuk-react/constants": "0.2.7",
        "@govuk-react/error-text": "0.2.7",
        "@govuk-react/hint-text": "0.2.7",
        "@govuk-react/hoc": "0.2.7",
        "@govuk-react/label": "0.2.9",
        "@govuk-react/label-text": "0.2.7",
        "govuk-colours": "1.0.3"
      }
    },
    "@govuk-react/document-footer-metadata": {
      "version": "0.2.7",
      "resolved": "https://registry.npmjs.org/@govuk-react/document-footer-metadata/-/document-footer-metadata-0.2.7.tgz",
      "integrity": "sha512-4k59C/azgJk4BaIKn+zTCxOdBy1Kb7XUxDeRuo+KmBmzvF4vOtXzKjpO6XS6B1P6Ezmd6Y2ReAIHWT6V9Y2HnA==",
      "requires": {
        "@govuk-react/constants": "0.2.7",
        "@govuk-react/hoc": "0.2.7",
        "@govuk-react/unordered-list": "0.2.7",
        "govuk-colours": "1.0.3"
      }
    },
    "@govuk-react/error-summary": {
      "version": "0.2.10",
      "resolved": "https://registry.npmjs.org/@govuk-react/error-summary/-/error-summary-0.2.10.tgz",
      "integrity": "sha512-Q3hjdhMYFd2GrAW7DNGc4wyhcjp8yrjLXMC1enJY6kRXopOMB+p89e5yfCDnSN+LTi9xcc9SE2nvwVnhtBt+Ag==",
      "requires": {
        "@govuk-react/constants": "0.2.7",
        "@govuk-react/header": "0.2.7",
        "@govuk-react/hoc": "0.2.7",
        "@govuk-react/input-field": "0.2.9",
        "@govuk-react/list-item": "0.2.7",
        "@govuk-react/paragraph": "0.2.9",
        "@govuk-react/text-area": "0.2.9",
        "@govuk-react/unordered-list": "0.2.7",
        "govuk-colours": "1.0.3"
      }
    },
    "@govuk-react/error-text": {
      "version": "0.2.7",
      "resolved": "https://registry.npmjs.org/@govuk-react/error-text/-/error-text-0.2.7.tgz",
      "integrity": "sha512-6fxqOLQe8m/TsqvsGAWM/lviBJGvAZd7SB7XGmmm+a/4HGoRNBJMM0Em0D/rLCZAmGUw5rH1pBmGc7Q+GkUu/g==",
      "requires": {
        "@govuk-react/constants": "0.2.7",
        "@govuk-react/hoc": "0.2.7",
        "govuk-colours": "1.0.3"
      }
    },
    "@govuk-react/file-upload": {
      "version": "0.2.9",
      "resolved": "https://registry.npmjs.org/@govuk-react/file-upload/-/file-upload-0.2.9.tgz",
      "integrity": "sha512-+erU6l/+ztTXIqyJxjopA/AcpFXspwo9IE2J24a8naAONTEtgToXTq3p7otw206+F8mz8mmb21fLnsZpA3R0aw==",
      "requires": {
        "@govuk-react/constants": "0.2.7",
        "@govuk-react/error-text": "0.2.7",
        "@govuk-react/hint-text": "0.2.7",
        "@govuk-react/hoc": "0.2.7",
        "@govuk-react/label": "0.2.9",
        "@govuk-react/label-text": "0.2.7",
        "govuk-colours": "1.0.3"
      }
    },
    "@govuk-react/grid-col": {
      "version": "0.2.10",
      "resolved": "https://registry.npmjs.org/@govuk-react/grid-col/-/grid-col-0.2.10.tgz",
      "integrity": "sha512-mhXGTJ0oijr7JVaZmCrrjV+4BDhXFlIqYtGtQ6i9CcFJ8IXJk7CADIOCQ9lX5Mn4DnPUF6RLZUwGSs5M3L7ofg==",
      "requires": {
        "@govuk-react/constants": "0.2.7",
        "govuk-colours": "1.0.3"
      }
    },
    "@govuk-react/grid-row": {
      "version": "0.2.9",
      "resolved": "https://registry.npmjs.org/@govuk-react/grid-row/-/grid-row-0.2.9.tgz",
      "integrity": "sha512-zZiF22htubti++mLVrNgdoopEtGugSLA68ZJNkpns8YdHp8ANK/2snKDmQaqf8I8+99Z6cKWzszXWvaYLD+boQ==",
      "requires": {
        "@govuk-react/constants": "0.2.7",
        "@govuk-react/layout": "0.2.7",
        "govuk-colours": "1.0.3"
      }
    },
    "@govuk-react/header": {
      "version": "0.2.7",
      "resolved": "https://registry.npmjs.org/@govuk-react/header/-/header-0.2.7.tgz",
      "integrity": "sha512-lkH2K7QVSvHwUeeQPDMxtUCg9Wcha+l9nW5Wtz7TyIRcbBhj3CSJ00OzuzjFaP5lSn4w6cdyPyfSqHVEBpb7Pg==",
      "requires": {
        "@govuk-react/constants": "0.2.7",
        "@govuk-react/hoc": "0.2.7",
        "govuk-colours": "1.0.3"
      }
    },
    "@govuk-react/hidden-text": {
      "version": "0.2.9",
      "resolved": "https://registry.npmjs.org/@govuk-react/hidden-text/-/hidden-text-0.2.9.tgz",
      "integrity": "sha512-T2BfvWMFzcN3LA6k+PZv9hezKMhmGgvz9GhsQ3zMSoxtL0zY8iRd2aQ+/kJGjht3mjTu4RMWma9cxPyQeJ8noQ==",
      "requires": {
        "@govuk-react/constants": "0.2.7",
        "@govuk-react/hoc": "0.2.7",
        "@govuk-react/inset-text": "0.2.9",
        "@govuk-react/paragraph": "0.2.9",
        "govuk-colours": "1.0.3"
      }
    },
    "@govuk-react/hint-text": {
      "version": "0.2.7",
      "resolved": "https://registry.npmjs.org/@govuk-react/hint-text/-/hint-text-0.2.7.tgz",
      "integrity": "sha512-YwriYhe3zZ4fPufLGO/ZH8At/FBTx3VHhseRXuZY+sPAVeRRE2xx+kXvbYvi+uO/9cr2pS4QaHFB0efsNYJ32Q==",
      "requires": {
        "@govuk-react/constants": "0.2.7",
        "@govuk-react/hoc": "0.2.7",
        "govuk-colours": "1.0.3"
      }
    },
    "@govuk-react/hoc": {
      "version": "0.2.7",
      "resolved": "https://registry.npmjs.org/@govuk-react/hoc/-/hoc-0.2.7.tgz",
      "integrity": "sha512-BTToxpoONR5Nhtdsqf8R38qhzJ8hWs5gFGazWCTsUErqdsvTGpHHlv3L13ImFQhTzHxDTekEOYKaLlZMDokq2Q==",
      "requires": {
        "@govuk-react/constants": "0.2.7",
        "@govuk-react/icons": "0.2.7",
        "govuk-colours": "1.0.3"
      }
    },
    "@govuk-react/icons": {
      "version": "0.2.7",
      "resolved": "https://registry.npmjs.org/@govuk-react/icons/-/icons-0.2.7.tgz",
      "integrity": "sha512-ut4BGl+wr/cdz4/TPPWDUA4+KxlGEz7z3Cg8uLRdHsv9iUJpYquCWSnGAP4aOCokYHOcV186fGtgbVSXZkApoA==",
      "requires": {
        "@govuk-react/constants": "0.2.7",
        "govuk-colours": "1.0.3"
      }
    },
    "@govuk-react/input": {
      "version": "0.2.7",
      "resolved": "https://registry.npmjs.org/@govuk-react/input/-/input-0.2.7.tgz",
      "integrity": "sha512-Dybyi1xCYBe+Nszw1W9shzUEcy4UWVmkGIGGHc40wJeEEXD20yOYha0RaBH6ouih+0yu5kNiCLbtcBp4BaGE7w==",
      "requires": {
        "@govuk-react/constants": "0.2.7",
        "@govuk-react/hoc": "0.2.7",
        "govuk-colours": "1.0.3"
      }
    },
    "@govuk-react/input-field": {
      "version": "0.2.9",
      "resolved": "https://registry.npmjs.org/@govuk-react/input-field/-/input-field-0.2.9.tgz",
      "integrity": "sha512-W2K/W4oOLXWo7rANc4/dJzy8u3d2r48i6bJHwfD82n5IWm8OqsXwiohE875ZRpfMzC0ZKLOkud2oniSV96LhAA==",
      "requires": {
        "@govuk-react/constants": "0.2.7",
        "@govuk-react/error-text": "0.2.7",
        "@govuk-react/hint-text": "0.2.7",
        "@govuk-react/hoc": "0.2.7",
        "@govuk-react/input": "0.2.7",
        "@govuk-react/label": "0.2.9",
        "@govuk-react/label-text": "0.2.7",
        "govuk-colours": "1.0.3"
      }
    },
    "@govuk-react/inset-text": {
      "version": "0.2.9",
      "resolved": "https://registry.npmjs.org/@govuk-react/inset-text/-/inset-text-0.2.9.tgz",
      "integrity": "sha512-sErfic4QI3qZO62fu7HLOKvUTUFYSNZsoGc0R/RCDHw21SfmpVsp4MomgMnn2T0t3oBADrRIVcaz53cJpKLYDg==",
      "requires": {
        "@govuk-react/constants": "0.2.7",
        "@govuk-react/hoc": "0.2.7",
        "@govuk-react/paragraph": "0.2.9",
        "govuk-colours": "1.0.3"
      }
    },
    "@govuk-react/label": {
      "version": "0.2.9",
      "resolved": "https://registry.npmjs.org/@govuk-react/label/-/label-0.2.9.tgz",
      "integrity": "sha512-7HCadeKRJE0JSBWkSj3gaRgY2a33OvvhCWH4pvgPkPjoYE85JCoP6WzHNqzXYdJYw1HQZUBBsrf7n8OXN4quQg==",
      "requires": {
        "@govuk-react/constants": "0.2.7",
        "@govuk-react/hoc": "0.2.7",
        "govuk-colours": "1.0.3"
      }
    },
    "@govuk-react/label-text": {
      "version": "0.2.7",
      "resolved": "https://registry.npmjs.org/@govuk-react/label-text/-/label-text-0.2.7.tgz",
      "integrity": "sha512-aMV4SELPJuIfGsTEZwFLwvLFj1iqhqtJ5DZwgYZmfpoXX4wqMf+fig5W3RZdn7T6wIWa1sOzfpCAW5a0fwzYqg==",
      "requires": {
        "@govuk-react/constants": "0.2.7",
        "@govuk-react/hoc": "0.2.7",
        "govuk-colours": "1.0.3"
      }
    },
    "@govuk-react/layout": {
      "version": "0.2.7",
      "resolved": "https://registry.npmjs.org/@govuk-react/layout/-/layout-0.2.7.tgz",
      "integrity": "sha512-BB0FnWLZ+0eKxj+Kt1cO2/j8dZhf/ShIe+hcOhkzKEsTNbTa9gVTjA4SvCB695sMT7Udra5pOBzWTQUDqxDcgA==",
      "requires": {
        "@govuk-react/constants": "0.2.7",
        "govuk-colours": "1.0.3"
      }
    },
    "@govuk-react/lead-paragraph": {
      "version": "0.2.7",
      "resolved": "https://registry.npmjs.org/@govuk-react/lead-paragraph/-/lead-paragraph-0.2.7.tgz",
      "integrity": "sha512-oXwOse6Y5EwfriQ5pTp4xM8+aEFB1sKGLyTuVOCXKK9WOPa1JovEE8xASN6DXxzuneU7YplZ5+oGo6rsDYzHng==",
      "requires": {
        "@govuk-react/constants": "0.2.7",
        "@govuk-react/hoc": "0.2.7",
        "govuk-colours": "1.0.3"
      }
    },
    "@govuk-react/list-item": {
      "version": "0.2.7",
      "resolved": "https://registry.npmjs.org/@govuk-react/list-item/-/list-item-0.2.7.tgz",
      "integrity": "sha512-6MT0GEJ5M6Tht4je6j5uSgpC6CyeDlwP5LRA1N4BtqpP1a+LGWN+cRwRKwEI4Q05Wj51vMDC240DFVJdQ3ZQhg==",
      "requires": {
        "@govuk-react/constants": "0.2.7",
        "@govuk-react/hoc": "0.2.7",
        "govuk-colours": "1.0.3"
      }
    },
    "@govuk-react/list-navigation": {
      "version": "0.2.7",
      "resolved": "https://registry.npmjs.org/@govuk-react/list-navigation/-/list-navigation-0.2.7.tgz",
      "integrity": "sha512-qGKKvafPDe3UxnK1t8zdB9ssm3p5dJaURQxfM9bXY6Zl18LJ60e5mNderWpqpUP0umHXtLDpN4ErPk29JZkNQQ==",
      "requires": {
        "@govuk-react/constants": "0.2.7",
        "@govuk-react/hoc": "0.2.7",
        "@govuk-react/list-item": "0.2.7",
        "@govuk-react/unordered-list": "0.2.7",
        "govuk-colours": "1.0.3"
      }
    },
    "@govuk-react/loading-box": {
      "version": "0.2.11",
      "resolved": "https://registry.npmjs.org/@govuk-react/loading-box/-/loading-box-0.2.11.tgz",
      "integrity": "sha512-fEUGd8cPzfsZNxH2M+atW5UPxjLcQivvp0oZE5nON0scSfHEYlGJUkDHBP8i8LjXh8SXTKiz9rDPqFE0GuWJwA==",
      "requires": {
        "@govuk-react/constants": "0.2.7",
        "@govuk-react/hoc": "0.2.7",
        "@govuk-react/icons": "0.2.7",
        "govuk-colours": "1.0.3",
        "hex-rgb": "1.0.0",
        "react-transition-group": "2.4.0"
      }
    },
    "@govuk-react/main": {
      "version": "0.2.7",
      "resolved": "https://registry.npmjs.org/@govuk-react/main/-/main-0.2.7.tgz",
      "integrity": "sha512-X5363LZ+59wJmto3aF/v/6+f9yrn0WrCO05tKI7/ENWPgPVpRZUCdrWD2EgCqTEBvk255/MZKc4QIvX0RG7nBg==",
      "requires": {
        "@govuk-react/constants": "0.2.7",
        "@govuk-react/hoc": "0.2.7"
      }
    },
    "@govuk-react/multi-choice": {
      "version": "0.2.7",
      "resolved": "https://registry.npmjs.org/@govuk-react/multi-choice/-/multi-choice-0.2.7.tgz",
      "integrity": "sha512-3ykhNCceUjQ8KSxTxbzec+Exv8Wud2dyD0suaoOJDPX7etafDi73AtD37k0gbNT2Zp/oFvd4kjixSe62APPZcQ==",
      "requires": {
        "@govuk-react/constants": "0.2.7",
        "@govuk-react/error-text": "0.2.7",
        "@govuk-react/hint-text": "0.2.7",
        "@govuk-react/hoc": "0.2.7",
        "@govuk-react/label-text": "0.2.7",
        "govuk-colours": "1.0.3"
      }
    },
    "@govuk-react/ordered-list": {
      "version": "0.2.7",
      "resolved": "https://registry.npmjs.org/@govuk-react/ordered-list/-/ordered-list-0.2.7.tgz",
      "integrity": "sha512-HRb/WH7DHXGrDBVFr7vOjONp6ZeDVLfQdySBSbjim3uXlKlvwDtppsoY8Boik8KzW1+pBcV3rI/KM6uhUGYQzw==",
      "requires": {
        "@govuk-react/constants": "0.2.7",
        "@govuk-react/hoc": "0.2.7",
        "govuk-colours": "1.0.3"
      }
    },
    "@govuk-react/pagination": {
      "version": "0.2.7",
      "resolved": "https://registry.npmjs.org/@govuk-react/pagination/-/pagination-0.2.7.tgz",
      "integrity": "sha512-O914zbVoNbutrAqhZNUM4c5I1gRWWnTdLy6mBD6vNxRAjnu2jYZ2PS73mTDcIMxU6KvsknpcYD6wWedUcTpdMw==",
      "requires": {
        "@govuk-react/constants": "0.2.7",
        "@govuk-react/hoc": "0.2.7",
        "govuk-colours": "1.0.3"
      }
    },
    "@govuk-react/panel": {
      "version": "0.2.7",
      "resolved": "https://registry.npmjs.org/@govuk-react/panel/-/panel-0.2.7.tgz",
      "integrity": "sha512-blKVXZ22iClS7WpBWRuwm/n45LZ+oO9ZNHdpXGQyEVoYi94a993iq1hUUctBYtReaptK7NGjSkgM2XpUf2/9yg==",
      "requires": {
        "@govuk-react/constants": "0.2.7",
        "@govuk-react/hoc": "0.2.7",
        "govuk-colours": "1.0.3"
      }
    },
    "@govuk-react/paragraph": {
      "version": "0.2.9",
      "resolved": "https://registry.npmjs.org/@govuk-react/paragraph/-/paragraph-0.2.9.tgz",
      "integrity": "sha512-NrK2EzRSYruE5OvuyG+6fK+Dtdx+TTfpF68I0cd7S8pNSA22vKtZGOsIcPRARagN7mjvG9tnHb1dGpxCctsJ6Q==",
      "requires": {
        "@govuk-react/constants": "0.2.7",
        "@govuk-react/hoc": "0.2.7",
        "govuk-colours": "1.0.3"
      }
    },
    "@govuk-react/phase-badge": {
      "version": "0.2.7",
      "resolved": "https://registry.npmjs.org/@govuk-react/phase-badge/-/phase-badge-0.2.7.tgz",
      "integrity": "sha512-ss+/L1Ks5zR0cHOWjp/wHLRUFhoutzGtgYf6p/OlBbjoHmXh/cc1B/HBouJzEJHvh++XMqSlxrcZen17XSAkIg==",
      "requires": {
        "@govuk-react/constants": "0.2.7",
        "@govuk-react/hoc": "0.2.7",
        "govuk-colours": "1.0.3"
      }
    },
    "@govuk-react/phase-banner": {
      "version": "0.2.7",
      "resolved": "https://registry.npmjs.org/@govuk-react/phase-banner/-/phase-banner-0.2.7.tgz",
      "integrity": "sha512-pQjnbNatQQdSr9K7RaTTtoY15Ss5K8hWCK/z8MB65siN/hsB1TT22/Hb6+ffteo3wXf/Nn1XGiAavCsXVGSWvQ==",
      "requires": {
        "@govuk-react/constants": "0.2.7",
        "@govuk-react/hoc": "0.2.7",
        "@govuk-react/phase-badge": "0.2.7",
        "govuk-colours": "1.0.3"
      }
    },
    "@govuk-react/radio": {
      "version": "0.2.7",
      "resolved": "https://registry.npmjs.org/@govuk-react/radio/-/radio-0.2.7.tgz",
      "integrity": "sha512-nKFqM1sCc7oOe9OBB1JRh/VGOCAwythIAqdYzvXIhHKxSVgu2+GuMt1O6y3TF/JIKuSBknf0NfVcJHap/qmW/Q==",
      "requires": {
        "@govuk-react/constants": "0.2.7",
        "@govuk-react/hoc": "0.2.7",
        "govuk-colours": "1.0.3"
      }
    },
    "@govuk-react/related-items": {
      "version": "0.2.7",
      "resolved": "https://registry.npmjs.org/@govuk-react/related-items/-/related-items-0.2.7.tgz",
      "integrity": "sha512-il5Her7rnwH9zG2nHSW6yR7g+c32fFt2KqWlR+GhlTjO2XdxncMASUnLfwbaVIFhv7NdxiP805bHJVcNyjJ59Q==",
      "requires": {
        "@govuk-react/constants": "0.2.7",
        "@govuk-react/hoc": "0.2.7",
        "govuk-colours": "1.0.3"
      }
    },
    "@govuk-react/search-box": {
      "version": "0.2.7",
      "resolved": "https://registry.npmjs.org/@govuk-react/search-box/-/search-box-0.2.7.tgz",
      "integrity": "sha512-gqoXV8lJdhr0dOPD8Vfduk5ef05/Nh8AKVh36NLhUtAOZ5gYHPagQGdIohCAq1zDhbgT2XiYOUxs4Moby8duyQ==",
      "requires": {
        "@govuk-react/constants": "0.2.7",
        "@govuk-react/hoc": "0.2.7",
        "@govuk-react/icons": "0.2.7",
        "govuk-colours": "1.0.3"
      }
    },
    "@govuk-react/select": {
      "version": "0.2.9",
      "resolved": "https://registry.npmjs.org/@govuk-react/select/-/select-0.2.9.tgz",
      "integrity": "sha512-47ZBZMwBZ8fLT138frynKrl6wpm13ZymLA6jlxgtT56f151329CaySreT7njAouzucV4n/b/TDp4Yi5liuigbw==",
      "requires": {
        "@govuk-react/constants": "0.2.7",
        "@govuk-react/error-text": "0.2.7",
        "@govuk-react/hint-text": "0.2.7",
        "@govuk-react/hoc": "0.2.7",
        "@govuk-react/label": "0.2.9",
        "@govuk-react/label-text": "0.2.7",
        "govuk-colours": "1.0.3"
      }
    },
    "@govuk-react/supporting-header": {
      "version": "0.2.9",
      "resolved": "https://registry.npmjs.org/@govuk-react/supporting-header/-/supporting-header-0.2.9.tgz",
      "integrity": "sha512-qlmEAO38QEpEDpp8dHQjikz1cIRq+SS4bKr0UmGx4TAPRAxXm4dZt9nLw/kB3rmAQUJrHqxo5++Lv+hHxdeQmg==",
      "requires": {
        "@govuk-react/constants": "0.2.7",
        "@govuk-react/hoc": "0.2.7",
        "govuk-colours": "1.0.3"
      }
    },
    "@govuk-react/table": {
      "version": "0.2.7",
      "resolved": "https://registry.npmjs.org/@govuk-react/table/-/table-0.2.7.tgz",
      "integrity": "sha512-WVp039ZUC/cQNtKpBByQEnostVe7XxJPll8rvZvzqiz6948j27Mx6pVoYcTI4z1UVzo/xzSHgPB+/q++0pdzcg==",
      "requires": {
        "@govuk-react/constants": "0.2.7",
        "govuk-colours": "1.0.3"
      }
    },
    "@govuk-react/text-area": {
      "version": "0.2.9",
      "resolved": "https://registry.npmjs.org/@govuk-react/text-area/-/text-area-0.2.9.tgz",
      "integrity": "sha512-1muAyhTBIooKscUK/Qy3qK3aF8MiLrIBjiwBxpmGzDvls4qlQp8lCGWgNR4VvAx4U1f1HaML+VNelcDpo4q/Sw==",
      "requires": {
        "@govuk-react/constants": "0.2.7",
        "@govuk-react/error-text": "0.2.7",
        "@govuk-react/hint-text": "0.2.7",
        "@govuk-react/hoc": "0.2.7",
        "@govuk-react/label": "0.2.9",
        "@govuk-react/label-text": "0.2.7",
        "govuk-colours": "1.0.3"
      }
    },
    "@govuk-react/top-nav": {
      "version": "0.2.7",
      "resolved": "https://registry.npmjs.org/@govuk-react/top-nav/-/top-nav-0.2.7.tgz",
      "integrity": "sha512-t7fWXgP7/JMpCE1HG2K4rnThVMP5HFIjKZbexIjahaX+oMV+eX6L2Q95SD0MKgmAQm11owAqSmk21fqVwQdtiw==",
      "requires": {
        "@govuk-react/button": "0.2.7",
        "@govuk-react/constants": "0.2.7",
        "@govuk-react/hoc": "0.2.7",
        "@govuk-react/icons": "0.2.7",
        "@govuk-react/search-box": "0.2.7",
        "govuk-colours": "1.0.3"
      }
    },
    "@govuk-react/unordered-list": {
      "version": "0.2.7",
      "resolved": "https://registry.npmjs.org/@govuk-react/unordered-list/-/unordered-list-0.2.7.tgz",
      "integrity": "sha512-VF+XnkVh+BoeEMTg7YYhiA8uFeOHwt6YVxS+sdM34fBRthpFdUxpHwjJJdiTbAHtWdMB5BTKUfzuYncSh6RdmA==",
      "requires": {
        "@govuk-react/constants": "0.2.7",
        "@govuk-react/hoc": "0.2.7",
        "govuk-colours": "1.0.3"
      }
    },
    "@govuk-react/warning-text": {
      "version": "0.2.7",
      "resolved": "https://registry.npmjs.org/@govuk-react/warning-text/-/warning-text-0.2.7.tgz",
      "integrity": "sha512-tAcPAuosuavXPky3uO1vyf1b+oXA1RlgR6ds3kwEtb6MnzAI57CQYv+zf4cj7ufzUemeULa7HOIRJyO1EGlAYQ==",
      "requires": {
        "@govuk-react/constants": "0.2.7",
        "@govuk-react/hoc": "0.2.7",
        "@govuk-react/icons": "0.2.7",
        "govuk-colours": "1.0.3"
      }
    },
    "dom-helpers": {
      "version": "3.3.1",
      "resolved": "https://registry.npmjs.org/dom-helpers/-/dom-helpers-3.3.1.tgz",
      "integrity": "sha512-2Sm+JaYn74OiTM2wHvxJOo3roiq/h25Yi69Fqk269cNUwIXsCvATB6CRSFC9Am/20G2b28hGv/+7NiWydIrPvg=="
    },
    "govuk-colours": {
      "version": "1.0.3",
      "resolved": "https://registry.npmjs.org/govuk-colours/-/govuk-colours-1.0.3.tgz",
      "integrity": "sha512-xdVD7YzHG+KEwCs8Rl+MgVfgEagjANVau4dJNTe30Xi6KySJ1LaI1vzBRRgThBjmJC8YFTwk4CshRtRfSbXKcA=="
    },
    "govuk-frederic": {
      "version": "0.0.5",
      "resolved": "https://registry.npmjs.org/govuk-frederic/-/govuk-frederic-0.0.5.tgz",
      "integrity": "sha512-PS5g5VMDYNS3bXu0UTxNPEQZPEG1DfWmqRZgfKfRYh094bcpi0C1JOM2sf4n48FD+ZW3pOl/iXTXk5JNl54soA==",
      "requires": {
        "@govuk-frederic/array-object-table": "0.0.5",
        "@govuk-frederic/arrow": "0.0.4",
        "@govuk-frederic/arrow-left": "0.0.4",
        "@govuk-frederic/compact-table-accordion-group": "0.0.5",
        "@govuk-frederic/count": "0.0.3",
        "@govuk-frederic/countdown-text-area": "0.0.4",
        "@govuk-frederic/counter-bar": "0.0.5",
        "@govuk-frederic/distraction-free": "0.0.4",
        "@govuk-frederic/header-button": "0.0.4",
        "@govuk-frederic/keyline": "0.0.5",
        "@govuk-frederic/object-table": "0.0.5",
        "@govuk-frederic/open-button": "0.0.4",
        "@govuk-frederic/remove-button": "0.0.3",
        "@govuk-frederic/result-count": "0.0.3",
        "@govuk-frederic/result-count-title": "0.0.3",
        "@govuk-frederic/spinner": "0.0.4",
        "@govuk-frederic/table": "0.0.5",
        "@govuk-frederic/table-accordion-group": "0.0.5",
        "@govuk-frederic/table-of-contents": "0.0.5",
        "@govuk-frederic/title-result-count": "0.0.3",
        "@govuk-frederic/utils": "0.0.4",
        "govuk-colours": "1.0.3"
      }
    },
    "govuk-react": {
      "version": "0.2.11",
      "resolved": "https://registry.npmjs.org/govuk-react/-/govuk-react-0.2.11.tgz",
      "integrity": "sha512-/o+gb6X++DrSpQ5s2kBAAabHvlEhzYN158yiAeCQLDPIrYMwqp8K/B6fO6e+WmcWoWvCDjqUCqC3qwZW8Faa8Q==",
      "requires": {
        "@govuk-react/back-link": "0.2.9",
        "@govuk-react/breadcrumb": "0.2.7",
        "@govuk-react/button": "0.2.7",
        "@govuk-react/checkbox": "0.2.7",
        "@govuk-react/constants": "0.2.7",
        "@govuk-react/date-input": "0.2.9",
        "@govuk-react/document-footer-metadata": "0.2.7",
        "@govuk-react/error-summary": "0.2.10",
        "@govuk-react/error-text": "0.2.7",
        "@govuk-react/file-upload": "0.2.9",
        "@govuk-react/grid-col": "0.2.10",
        "@govuk-react/grid-row": "0.2.9",
        "@govuk-react/header": "0.2.7",
        "@govuk-react/hidden-text": "0.2.9",
        "@govuk-react/hint-text": "0.2.7",
        "@govuk-react/hoc": "0.2.7",
        "@govuk-react/icons": "0.2.7",
        "@govuk-react/input": "0.2.7",
        "@govuk-react/input-field": "0.2.9",
        "@govuk-react/inset-text": "0.2.9",
        "@govuk-react/label": "0.2.9",
        "@govuk-react/label-text": "0.2.7",
        "@govuk-react/layout": "0.2.7",
        "@govuk-react/lead-paragraph": "0.2.7",
        "@govuk-react/list-item": "0.2.7",
        "@govuk-react/list-navigation": "0.2.7",
        "@govuk-react/loading-box": "0.2.11",
        "@govuk-react/main": "0.2.7",
        "@govuk-react/multi-choice": "0.2.7",
        "@govuk-react/ordered-list": "0.2.7",
        "@govuk-react/pagination": "0.2.7",
        "@govuk-react/panel": "0.2.7",
        "@govuk-react/paragraph": "0.2.9",
        "@govuk-react/phase-badge": "0.2.7",
        "@govuk-react/phase-banner": "0.2.7",
        "@govuk-react/radio": "0.2.7",
        "@govuk-react/related-items": "0.2.7",
        "@govuk-react/search-box": "0.2.7",
        "@govuk-react/select": "0.2.9",
        "@govuk-react/supporting-header": "0.2.9",
        "@govuk-react/table": "0.2.7",
        "@govuk-react/text-area": "0.2.9",
        "@govuk-react/top-nav": "0.2.7",
        "@govuk-react/unordered-list": "0.2.7",
        "@govuk-react/warning-text": "0.2.7",
        "govuk-colours": "1.0.3"
      }
    },
    "hex-rgb": {
      "version": "1.0.0",
      "resolved": "https://registry.npmjs.org/hex-rgb/-/hex-rgb-1.0.0.tgz",
      "integrity": "sha1-UyJ1aXy5gj4FJCmxhMZ4HUbP30k="
    },
    "js-tokens": {
      "version": "4.0.0",
      "resolved": "https://registry.npmjs.org/js-tokens/-/js-tokens-4.0.0.tgz",
      "integrity": "sha512-RdJUflcE3cUzKiMqQgsCu06FPu9UdIJO0beYbPhHN4k6apgJtifcoCtT9bcxOpYBtpD2kCM6Sbzg4CausW/PKQ=="
    },
    "loose-envify": {
      "version": "1.4.0",
      "resolved": "https://registry.npmjs.org/loose-envify/-/loose-envify-1.4.0.tgz",
      "integrity": "sha512-lyuxPGr/Wfhrlem2CL/UcnUc1zcqKAImBDzukY7Y5F/yQiNdko6+fRLevlw1HgMySw7f611UIY408EtxRSoK3Q==",
      "requires": {
        "js-tokens": "4.0.0"
      }
    },
    "object-assign": {
      "version": "4.1.1",
      "resolved": "https://registry.npmjs.org/object-assign/-/object-assign-4.1.1.tgz",
      "integrity": "sha1-IQmtx5ZYh8/AXLvUQsrIv7s2CGM="
    },
    "performance-now": {
      "version": "0.2.0",
      "resolved": "https://registry.npmjs.org/performance-now/-/performance-now-0.2.0.tgz",
      "integrity": "sha1-M+8wxcd9TqIcWlOGnZG1bY8lVeU="
    },
    "prop-types": {
      "version": "15.6.2",
      "resolved": "https://registry.npmjs.org/prop-types/-/prop-types-15.6.2.tgz",
      "integrity": "sha512-3pboPvLiWD7dkI3qf3KbUe6hKFKa52w+AE0VCqECtf+QHAKgOL37tTaNCnuX1nAAQ4ZhyP+kYVKf8rLmJ/feDQ==",
      "requires": {
        "loose-envify": "1.4.0",
        "object-assign": "4.1.1"
      }
    },
    "raf": {
      "version": "3.4.0",
      "resolved": "https://registry.npmjs.org/raf/-/raf-3.4.0.tgz",
      "integrity": "sha512-pDP/NMRAXoTfrhCfyfSEwJAKLaxBU9eApMeBPB1TkDouZmvPerIClV8lTAd+uF8ZiTaVl69e1FCxQrAd/VTjGw==",
      "requires": {
        "performance-now": "2.1.0"
      },
      "dependencies": {
        "performance-now": {
          "version": "2.1.0",
          "resolved": "https://registry.npmjs.org/performance-now/-/performance-now-2.1.0.tgz",
          "integrity": "sha1-Ywn04OX6kT7BxpMHrjZLSzd8nns="
        }
      }
    },
    "react-collapse": {
      "version": "4.0.3",
      "resolved": "https://registry.npmjs.org/react-collapse/-/react-collapse-4.0.3.tgz",
      "integrity": "sha512-OO4NhtEqFtz+1ma31J1B7+ezdRnzHCZiTGSSd/Pxoks9hxrZYhzFEddeYt05A/1477xTtdrwo7xEa2FLJyWGCQ==",
      "requires": {
        "prop-types": "15.6.2"
      }
    },
    "react-lifecycles-compat": {
      "version": "3.0.4",
      "resolved": "https://registry.npmjs.org/react-lifecycles-compat/-/react-lifecycles-compat-3.0.4.tgz",
      "integrity": "sha512-fBASbA6LnOU9dOU2eW7aQ8xmYBSXUIWr+UmF9b1efZBazGNO+rcXT/icdKnYm2pTwcRylVUYwW7H1PHfLekVzA=="
    },
    "react-motion": {
      "version": "0.5.2",
      "resolved": "https://registry.npmjs.org/react-motion/-/react-motion-0.5.2.tgz",
      "integrity": "sha512-9q3YAvHoUiWlP3cK0v+w1N5Z23HXMj4IF4YuvjvWegWqNPfLXsOBE/V7UvQGpXxHFKRQQcNcVQE31g9SB/6qgQ==",
      "requires": {
        "performance-now": "0.2.0",
        "prop-types": "15.6.2",
        "raf": "3.4.0"
      }
    },
    "react-transition-group": {
      "version": "2.4.0",
      "resolved": "https://registry.npmjs.org/react-transition-group/-/react-transition-group-2.4.0.tgz",
      "integrity": "sha512-Xv5d55NkJUxUzLCImGSanK8Cl/30sgpOEMGc5m86t8+kZwrPxPCPcFqyx83kkr+5Lz5gs6djuvE5By+gce+VjA==",
      "requires": {
        "dom-helpers": "3.3.1",
        "loose-envify": "1.4.0",
        "prop-types": "15.6.2",
        "react-lifecycles-compat": "3.0.4"
      }
    }
  }
}
